// !$*UTF8*$!
{
	archiveVersion = 1;
	classes = {
	};
	objectVersion = 55;
	objects = {

/* Begin PBXBuildFile section */
		524C42C6274ED86E00EC685B /* AppDelegate.swift in Sources */ = {isa = PBXBuildFile; fileRef = 524C42C5274ED86E00EC685B /* AppDelegate.swift */; };
		524C42C8274ED86E00EC685B /* SceneDelegate.swift in Sources */ = {isa = PBXBuildFile; fileRef = 524C42C7274ED86E00EC685B /* SceneDelegate.swift */; };
		524C42CD274ED86E00EC685B /* Main.storyboard in Resources */ = {isa = PBXBuildFile; fileRef = 524C42CB274ED86E00EC685B /* Main.storyboard */; };
		524C42CF274ED86F00EC685B /* Assets.xcassets in Resources */ = {isa = PBXBuildFile; fileRef = 524C42CE274ED86F00EC685B /* Assets.xcassets */; };
		524C42D2274ED86F00EC685B /* LaunchScreen.storyboard in Resources */ = {isa = PBXBuildFile; fileRef = 524C42D0274ED86F00EC685B /* LaunchScreen.storyboard */; };
		524C42DF274ED9D300EC685B /* Networking.swift in Sources */ = {isa = PBXBuildFile; fileRef = 524C42DE274ED9D300EC685B /* Networking.swift */; };
		524C42E1274ED9E800EC685B /* Model.swift in Sources */ = {isa = PBXBuildFile; fileRef = 524C42E0274ED9E800EC685B /* Model.swift */; };
		524C42E5274EDB4100EC685B /* InfoViewController.swift in Sources */ = {isa = PBXBuildFile; fileRef = 524C42E4274EDB4100EC685B /* InfoViewController.swift */; };
		524C42EB274EDBA300EC685B /* CitiesViewCell.swift in Sources */ = {isa = PBXBuildFile; fileRef = 524C42E9274EDBA300EC685B /* CitiesViewCell.swift */; };
		524C42EC274EDBA300EC685B /* CitiesViewCell.xib in Resources */ = {isa = PBXBuildFile; fileRef = 524C42EA274EDBA300EC685B /* CitiesViewCell.xib */; };
		524C42EE274EDE5800EC685B /* CitiesViewController.swift in Sources */ = {isa = PBXBuildFile; fileRef = 524C42ED274EDE5800EC685B /* CitiesViewController.swift */; };
		52DBE787274F05E40083E08B /* Cities.swift in Sources */ = {isa = PBXBuildFile; fileRef = 52DBE786274F05E40083E08B /* Cities.swift */; };
/* End PBXBuildFile section */

/* Begin PBXFileReference section */
		524C42C2274ED86E00EC685B /* WhiteAndFluffy.app */ = {isa = PBXFileReference; explicitFileType = wrapper.application; includeInIndex = 0; path = WhiteAndFluffy.app; sourceTree = BUILT_PRODUCTS_DIR; };
		524C42C5274ED86E00EC685B /* AppDelegate.swift */ = {isa = PBXFileReference; lastKnownFileType = sourcecode.swift; path = AppDelegate.swift; sourceTree = "<group>"; };
		524C42C7274ED86E00EC685B /* SceneDelegate.swift */ = {isa = PBXFileReference; lastKnownFileType = sourcecode.swift; path = SceneDelegate.swift; sourceTree = "<group>"; };
		524C42CC274ED86E00EC685B /* Base */ = {isa = PBXFileReference; lastKnownFileType = file.storyboard; name = Base; path = Base.lproj/Main.storyboard; sourceTree = "<group>"; };
		524C42CE274ED86F00EC685B /* Assets.xcassets */ = {isa = PBXFileReference; lastKnownFileType = folder.assetcatalog; path = Assets.xcassets; sourceTree = "<group>"; };
		524C42D1274ED86F00EC685B /* Base */ = {isa = PBXFileReference; lastKnownFileType = file.storyboard; name = Base; path = Base.lproj/LaunchScreen.storyboard; sourceTree = "<group>"; };
		524C42D3274ED86F00EC685B /* Info.plist */ = {isa = PBXFileReference; lastKnownFileType = text.plist.xml; path = Info.plist; sourceTree = "<group>"; };
		524C42DE274ED9D300EC685B /* Networking.swift */ = {isa = PBXFileReference; lastKnownFileType = sourcecode.swift; path = Networking.swift; sourceTree = "<group>"; };
		524C42E0274ED9E800EC685B /* Model.swift */ = {isa = PBXFileReference; lastKnownFileType = sourcecode.swift; path = Model.swift; sourceTree = "<group>"; };
		524C42E4274EDB4100EC685B /* InfoViewController.swift */ = {isa = PBXFileReference; lastKnownFileType = sourcecode.swift; path = InfoViewController.swift; sourceTree = "<group>"; };
		524C42E9274EDBA300EC685B /* CitiesViewCell.swift */ = {isa = PBXFileReference; lastKnownFileType = sourcecode.swift; path = CitiesViewCell.swift; sourceTree = "<group>"; };
		524C42EA274EDBA300EC685B /* CitiesViewCell.xib */ = {isa = PBXFileReference; lastKnownFileType = file.xib; path = CitiesViewCell.xib; sourceTree = "<group>"; };
		524C42ED274EDE5800EC685B /* CitiesViewController.swift */ = {isa = PBXFileReference; lastKnownFileType = sourcecode.swift; path = CitiesViewController.swift; sourceTree = "<group>"; };
		52DBE786274F05E40083E08B /* Cities.swift */ = {isa = PBXFileReference; lastKnownFileType = sourcecode.swift; path = Cities.swift; sourceTree = "<group>"; };
/* End PBXFileReference section */

/* Begin PBXFrameworksBuildPhase section */
		524C42BF274ED86E00EC685B /* Frameworks */ = {
			isa = PBXFrameworksBuildPhase;
			buildActionMask = 2147483647;
			files = (
			);
			runOnlyForDeploymentPostprocessing = 0;
		};
/* End PBXFrameworksBuildPhase section */

/* Begin PBXGroup section */
		524C42B9274ED86E00EC685B = {
			isa = PBXGroup;
			children = (
				524C42C4274ED86E00EC685B /* WhiteAndFluffy */,
				524C42C3274ED86E00EC685B /* Products */,
			);
			sourceTree = "<group>";
		};
		524C42C3274ED86E00EC685B /* Products */ = {
			isa = PBXGroup;
			children = (
				524C42C2274ED86E00EC685B /* WhiteAndFluffy.app */,
			);
			name = Products;
			sourceTree = "<group>";
		};
		524C42C4274ED86E00EC685B /* WhiteAndFluffy */ = {
			isa = PBXGroup;
			children = (
				524C42E6274EDB6E00EC685B /* CitiesCell */,
				524C42DD274ED8B200EC685B /* Storyboard */,
				524C42DC274ED8A300EC685B /* View */,
				524C42DB274ED89200EC685B /* Model */,
				524C42DA274ED87E00EC685B /* SupportingFiles */,
				524C42D9274ED87700EC685B /* Networking */,
				524C42D3274ED86F00EC685B /* Info.plist */,
			);
			path = WhiteAndFluffy;
			sourceTree = "<group>";
		};
		524C42D9274ED87700EC685B /* Networking */ = {
			isa = PBXGroup;
			children = (
				524C42DE274ED9D300EC685B /* Networking.swift */,
			);
			path = Networking;
			sourceTree = "<group>";
		};
		524C42DA274ED87E00EC685B /* SupportingFiles */ = {
			isa = PBXGroup;
			children = (
				524C42C5274ED86E00EC685B /* AppDelegate.swift */,
				524C42C7274ED86E00EC685B /* SceneDelegate.swift */,
				524C42CE274ED86F00EC685B /* Assets.xcassets */,
			);
			path = SupportingFiles;
			sourceTree = "<group>";
		};
		524C42DB274ED89200EC685B /* Model */ = {
			isa = PBXGroup;
			children = (
				524C42E0274ED9E800EC685B /* Model.swift */,
				52DBE786274F05E40083E08B /* Cities.swift */,
			);
			path = Model;
			sourceTree = "<group>";
		};
		524C42DC274ED8A300EC685B /* View */ = {
			isa = PBXGroup;
			children = (
				524C42E4274EDB4100EC685B /* InfoViewController.swift */,
				524C42ED274EDE5800EC685B /* CitiesViewController.swift */,
			);
			path = View;
			sourceTree = "<group>";
		};
		524C42DD274ED8B200EC685B /* Storyboard */ = {
			isa = PBXGroup;
			children = (
				524C42CB274ED86E00EC685B /* Main.storyboard */,
				524C42D0274ED86F00EC685B /* LaunchScreen.storyboard */,
			);
			path = Storyboard;
			sourceTree = "<group>";
		};
		524C42E6274EDB6E00EC685B /* CitiesCell */ = {
			isa = PBXGroup;
			children = (
				524C42E9274EDBA300EC685B /* CitiesViewCell.swift */,
				524C42EA274EDBA300EC685B /* CitiesViewCell.xib */,
			);
			path = CitiesCell;
			sourceTree = "<group>";
		};
/* End PBXGroup section */

/* Begin PBXNativeTarget section */
		524C42C1274ED86E00EC685B /* WhiteAndFluffy */ = {
			isa = PBXNativeTarget;
			buildConfigurationList = 524C42D6274ED86F00EC685B /* Build configuration list for PBXNativeTarget "WhiteAndFluffy" */;
			buildPhases = (
				524C42BE274ED86E00EC685B /* Sources */,
				524C42BF274ED86E00EC685B /* Frameworks */,
				524C42C0274ED86E00EC685B /* Resources */,
			);
			buildRules = (
			);
			dependencies = (
			);
			name = WhiteAndFluffy;
			productName = WhiteAndFluffy;
			productReference = 524C42C2274ED86E00EC685B /* WhiteAndFluffy.app */;
			productType = "com.apple.product-type.application";
		};
/* End PBXNativeTarget section */

/* Begin PBXProject section */
		524C42BA274ED86E00EC685B /* Project object */ = {
			isa = PBXProject;
			attributes = {
				BuildIndependentTargetsInParallel = 1;
				LastSwiftUpdateCheck = 1310;
				LastUpgradeCheck = 1310;
				TargetAttributes = {
					524C42C1274ED86E00EC685B = {
						CreatedOnToolsVersion = 13.1;
					};
				};
			};
			buildConfigurationList = 524C42BD274ED86E00EC685B /* Build configuration list for PBXProject "WhiteAndFluffy" */;
			compatibilityVersion = "Xcode 13.0";
			developmentRegion = en;
			hasScannedForEncodings = 0;
			knownRegions = (
				en,
				Base,
			);
			mainGroup = 524C42B9274ED86E00EC685B;
			productRefGroup = 524C42C3274ED86E00EC685B /* Products */;
			projectDirPath = "";
			projectRoot = "";
			targets = (
				524C42C1274ED86E00EC685B /* WhiteAndFluffy */,
			);
		};
/* End PBXProject section */

/* Begin PBXResourcesBuildPhase section */
		524C42C0274ED86E00EC685B /* Resources */ = {
			isa = PBXResourcesBuildPhase;
			buildActionMask = 2147483647;
			files = (
				524C42D2274ED86F00EC685B /* LaunchScreen.storyboard in Resources */,
				524C42CF274ED86F00EC685B /* Assets.xcassets in Resources */,
				524C42CD274ED86E00EC685B /* Main.storyboard in Resources */,
				524C42EC274EDBA300EC685B /* CitiesViewCell.xib in Resources */,
			);
			runOnlyForDeploymentPostprocessing = 0;
		};
/* End PBXResourcesBuildPhase section */

/* Begin PBXSourcesBuildPhase section */
		524C42BE274ED86E00EC685B /* Sources */ = {
			isa = PBXSourcesBuildPhase;
			buildActionMask = 2147483647;
			files = (
				52DBE787274F05E40083E08B /* Cities.swift in Sources */,
				524C42DF274ED9D300EC685B /* Networking.swift in Sources */,
				524C42C6274ED86E00EC685B /* AppDelegate.swift in Sources */,
				524C42C8274ED86E00EC685B /* SceneDelegate.swift in Sources */,
				524C42EB274EDBA300EC685B /* CitiesViewCell.swift in Sources */,
				524C42E5274EDB4100EC685B /* InfoViewController.swift in Sources */,
				524C42EE274EDE5800EC685B /* CitiesViewController.swift in Sources */,
				524C42E1274ED9E800EC685B /* Model.swift in Sources */,
			);
			runOnlyForDeploymentPostprocessing = 0;
		};
/* End PBXSourcesBuildPhase section */

/* Begin PBXVariantGroup section */
		524C42CB274ED86E00EC685B /* Main.storyboard */ = {
			isa = PBXVariantGroup;
			children = (
				524C42CC274ED86E00EC685B /* Base */,
			);
			name = Main.storyboard;
			sourceTree = "<group>";
		};
		524C42D0274ED86F00EC685B /* LaunchScreen.storyboard */ = {
			isa = PBXVariantGroup;
			children = (
				524C42D1274ED86F00EC685B /* Base */,
			);
			name = LaunchScreen.storyboard;
			sourceTree = "<group>";
		};
/* End PBXVariantGroup section */

/* Begin XCBuildConfiguration section */
		524C42D4274ED86F00EC685B /* Debug */ = {
			isa = XCBuildConfiguration;
			buildSettings = {
				ALWAYS_SEARCH_USER_PATHS = NO;
				CLANG_ANALYZER_NONNULL = YES;
				CLANG_ANALYZER_NUMBER_OBJECT_CONVERSION = YES_AGGRESSIVE;
				CLANG_CXX_LANGUAGE_STANDARD = "gnu++17";
				CLANG_CXX_LIBRARY = "libc++";
				CLANG_ENABLE_MODULES = YES;
				CLANG_ENABLE_OBJC_ARC = YES;
				CLANG_ENABLE_OBJC_WEAK = YES;
				CLANG_WARN_BLOCK_CAPTURE_AUTORELEASING = YES;
				CLANG_WARN_BOOL_CONVERSION = YES;
				CLANG_WARN_COMMA = YES;
				CLANG_WARN_CONSTANT_CONVERSION = YES;
				CLANG_WARN_DEPRECATED_OBJC_IMPLEMENTATIONS = YES;
				CLANG_WARN_DIRECT_OBJC_ISA_USAGE = YES_ERROR;
				CLANG_WARN_DOCUMENTATION_COMMENTS = YES;
				CLANG_WARN_EMPTY_BODY = YES;
				CLANG_WARN_ENUM_CONVERSION = YES;
				CLANG_WARN_INFINITE_RECURSION = YES;
				CLANG_WARN_INT_CONVERSION = YES;
				CLANG_WARN_NON_LITERAL_NULL_CONVERSION = YES;
				CLANG_WARN_OBJC_IMPLICIT_RETAIN_SELF = YES;
				CLANG_WARN_OBJC_LITERAL_CONVERSION = YES;
				CLANG_WARN_OBJC_ROOT_CLASS = YES_ERROR;
				CLANG_WARN_QUOTED_INCLUDE_IN_FRAMEWORK_HEADER = YES;
				CLANG_WARN_RANGE_LOOP_ANALYSIS = YES;
				CLANG_WARN_STRICT_PROTOTYPES = YES;
				CLANG_WARN_SUSPICIOUS_MOVE = YES;
				CLANG_WARN_UNGUARDED_AVAILABILITY = YES_AGGRESSIVE;
				CLANG_WARN_UNREACHABLE_CODE = YES;
				CLANG_WARN__DUPLICATE_METHOD_MATCH = YES;
				COPY_PHASE_STRIP = NO;
				DEBUG_INFORMATION_FORMAT = dwarf;
				ENABLE_STRICT_OBJC_MSGSEND = YES;
				ENABLE_TESTABILITY = YES;
				GCC_C_LANGUAGE_STANDARD = gnu11;
				GCC_DYNAMIC_NO_PIC = NO;
				GCC_NO_COMMON_BLOCKS = YES;
				GCC_OPTIMIZATION_LEVEL = 0;
				GCC_PREPROCESSOR_DEFINITIONS = (
					"DEBUG=1",
					"$(inherited)",
				);
				GCC_WARN_64_TO_32_BIT_CONVERSION = YES;
				GCC_WARN_ABOUT_RETURN_TYPE = YES_ERROR;
				GCC_WARN_UNDECLARED_SELECTOR = YES;
				GCC_WARN_UNINITIALIZED_AUTOS = YES_AGGRESSIVE;
				GCC_WARN_UNUSED_FUNCTION = YES;
				GCC_WARN_UNUSED_VARIABLE = YES;
				IPHONEOS_DEPLOYMENT_TARGET = 15.0;
				MTL_ENABLE_DEBUG_INFO = INCLUDE_SOURCE;
				MTL_FAST_MATH = YES;
				ONLY_ACTIVE_ARCH = YES;
				SDKROOT = iphoneos;
				SWIFT_ACTIVE_COMPILATION_CONDITIONS = DEBUG;
				SWIFT_OPTIMIZATION_LEVEL = "-Onone";
			};
			name = Debug;
		};
		524C42D5274ED86F00EC685B /* Release */ = {
			isa = XCBuildConfiguration;
			buildSettings = {
				ALWAYS_SEARCH_USER_PATHS = NO;
				CLANG_ANALYZER_NONNULL = YES;
				CLANG_ANALYZER_NUMBER_OBJECT_CONVERSION = YES_AGGRESSIVE;
				CLANG_CXX_LANGUAGE_STANDARD = "gnu++17";
				CLANG_CXX_LIBRARY = "libc++";
				CLANG_ENABLE_MODULES = YES;
				CLANG_ENABLE_OBJC_ARC = YES;
				CLANG_ENABLE_OBJC_WEAK = YES;
				CLANG_WARN_BLOCK_CAPTURE_AUTORELEASING = YES;
				CLANG_WARN_BOOL_CONVERSION = YES;
				CLANG_WARN_COMMA = YES;
				CLANG_WARN_CONSTANT_CONVERSION = YES;
				CLANG_WARN_DEPRECATED_OBJC_IMPLEMENTATIONS = YES;
				CLANG_WARN_DIRECT_OBJC_ISA_USAGE = YES_ERROR;
				CLANG_WARN_DOCUMENTATION_COMMENTS = YES;
				CLANG_WARN_EMPTY_BODY = YES;
				CLANG_WARN_ENUM_CONVERSION = YES;
				CLANG_WARN_INFINITE_RECURSION = YES;
				CLANG_WARN_INT_CONVERSION = YES;
				CLANG_WARN_NON_LITERAL_NULL_CONVERSION = YES;
				CLANG_WARN_OBJC_IMPLICIT_RETAIN_SELF = YES;
				CLANG_WARN_OBJC_LITERAL_CONVERSION = YES;
				CLANG_WARN_OBJC_ROOT_CLASS = YES_ERROR;
				CLANG_WARN_QUOTED_INCLUDE_IN_FRAMEWORK_HEADER = YES;
				CLANG_WARN_RANGE_LOOP_ANALYSIS = YES;
				CLANG_WARN_STRICT_PROTOTYPES = YES;
				CLANG_WARN_SUSPICIOUS_MOVE = YES;
				CLANG_WARN_UNGUARDED_AVAILABILITY = YES_AGGRESSIVE;
				CLANG_WARN_UNREACHABLE_CODE = YES;
				CLANG_WARN__DUPLICATE_METHOD_MATCH = YES;
				COPY_PHASE_STRIP = NO;
				DEBUG_INFORMATION_FORMAT = "dwarf-with-dsym";
				ENABLE_NS_ASSERTIONS = NO;
				ENABLE_STRICT_OBJC_MSGSEND = YES;
				GCC_C_LANGUAGE_STANDARD = gnu11;
				GCC_NO_COMMON_BLOCKS = YES;
				GCC_WARN_64_TO_32_BIT_CONVERSION = YES;
				GCC_WARN_ABOUT_RETURN_TYPE = YES_ERROR;
				GCC_WARN_UNDECLARED_SELECTOR = YES;
				GCC_WARN_UNINITIALIZED_AUTOS = YES_AGGRESSIVE;
				GCC_WARN_UNUSED_FUNCTION = YES;
				GCC_WARN_UNUSED_VARIABLE = YES;
				IPHONEOS_DEPLOYMENT_TARGET = 15.0;
				MTL_ENABLE_DEBUG_INFO = NO;
				MTL_FAST_MATH = YES;
				SDKROOT = iphoneos;
				SWIFT_COMPILATION_MODE = wholemodule;
				SWIFT_OPTIMIZATION_LEVEL = "-O";
				VALIDATE_PRODUCT = YES;
			};
			name = Release;
		};
		524C42D7274ED86F00EC685B /* Debug */ = {
			isa = XCBuildConfiguration;
			buildSettings = {
				ASSETCATALOG_COMPILER_APPICON_NAME = AppIcon;
				ASSETCATALOG_COMPILER_GLOBAL_ACCENT_COLOR_NAME = AccentColor;
				CODE_SIGN_STYLE = Automatic;
				CURRENT_PROJECT_VERSION = 1;
				GENERATE_INFOPLIST_FILE = YES;
				INFOPLIST_FILE = WhiteAndFluffy/Info.plist;
				INFOPLIST_KEY_UIApplicationSupportsIndirectInputEvents = YES;
				INFOPLIST_KEY_UILaunchStoryboardName = LaunchScreen;
				INFOPLIST_KEY_UIMainStoryboardFile = Main;
				INFOPLIST_KEY_UISupportedInterfaceOrientations_iPad = "UIInterfaceOrientationPortrait UIInterfaceOrientationPortraitUpsideDown UIInterfaceOrientationLandscapeLeft UIInterfaceOrientationLandscapeRight";
				INFOPLIST_KEY_UISupportedInterfaceOrientations_iPhone = "UIInterfaceOrientationPortrait UIInterfaceOrientationLandscapeLeft UIInterfaceOrientationLandscapeRight";
				LD_RUNPATH_SEARCH_PATHS = (
					"$(inherited)",
					"@executable_path/Frameworks",
				);
				MARKETING_VERSION = 1.0;
				PRODUCT_BUNDLE_IDENTIFIER = ru.icodeschool.WhiteAndFluffy;
				PRODUCT_NAME = "$(TARGET_NAME)";
				SWIFT_EMIT_LOC_STRINGS = YES;
				SWIFT_VERSION = 5.0;
				TARGETED_DEVICE_FAMILY = "1,2";
			};
			name = Debug;
		};
		524C42D8274ED86F00EC685B /* Release */ = {
			isa = XCBuildConfiguration;
			buildSettings = {
				ASSETCATALOG_COMPILER_APPICON_NAME = AppIcon;
				ASSETCATALOG_COMPILER_GLOBAL_ACCENT_COLOR_NAME = AccentColor;
				CODE_SIGN_STYLE = Automatic;
				CURRENT_PROJECT_VERSION = 1;
				GENERATE_INFOPLIST_FILE = YES;
				INFOPLIST_FILE = WhiteAndFluffy/Info.plist;
				INFOPLIST_KEY_UIApplicationSupportsIndirectInputEvents = YES;
				INFOPLIST_KEY_UILaunchStoryboardName = LaunchScreen;
				INFOPLIST_KEY_UIMainStoryboardFile = Main;
				INFOPLIST_KEY_UISupportedInterfaceOrientations_iPad = "UIInterfaceOrientationPortrait UIInterfaceOrientationPortraitUpsideDown UIInterfaceOrientationLandscapeLeft UIInterfaceOrientationLandscapeRight";
				INFOPLIST_KEY_UISupportedInterfaceOrientations_iPhone = "UIInterfaceOrientationPortrait UIInterfaceOrientationLandscapeLeft UIInterfaceOrientationLandscapeRight";
				LD_RUNPATH_SEARCH_PATHS = (
					"$(inherited)",
					"@executable_path/Frameworks",
				);
				MARKETING_VERSION = 1.0;
				PRODUCT_BUNDLE_IDENTIFIER = ru.icodeschool.WhiteAndFluffy;
				PRODUCT_NAME = "$(TARGET_NAME)";
				SWIFT_EMIT_LOC_STRINGS = YES;
				SWIFT_VERSION = 5.0;
				TARGETED_DEVICE_FAMILY = "1,2";
			};
			name = Release;
		};
/* End XCBuildConfiguration section */

/* Begin XCConfigurationList section */
		524C42BD274ED86E00EC685B /* Build configuration list for PBXProject "WhiteAndFluffy" */ = {
			isa = XCConfigurationList;
			buildConfigurations = (
				524C42D4274ED86F00EC685B /* Debug */,
				524C42D5274ED86F00EC685B /* Release */,
			);
			defaultConfigurationIsVisible = 0;
			defaultConfigurationName = Release;
		};
		524C42D6274ED86F00EC685B /* Build configuration list for PBXNativeTarget "WhiteAndFluffy" */ = {
			isa = XCConfigurationList;
			buildConfigurations = (
				524C42D7274ED86F00EC685B /* Debug */,
				524C42D8274ED86F00EC685B /* Release */,
			);
			defaultConfigurationIsVisible = 0;
			defaultConfigurationName = Release;
		};
/* End XCConfigurationList section */
	};
	rootObject = 524C42BA274ED86E00EC685B /* Project object */;
}
